
Microsoft Visual Studio Solution File, Format Version 11.00
# Visual Studio 2010
Project("{FAE04EC0-301F-11D3-BF4B-00C04F79EFBC}") = "rescue_sweet", "Assembly-CSharp.csproj", "{79735F0E-9D49-3B30-2653-81BB2CC6EC2C}"
EndProject
Global
	GlobalSection(SolutionConfigurationPlatforms) = preSolution
		Debug|Any CPU = Debug|Any CPU
		Release|Any CPU = Release|Any CPU
	EndGlobalSection
	GlobalSection(ProjectConfigurationPlatforms) = postSolution
		{79735F0E-9D49-3B30-2653-81BB2CC6EC2C}.Debug|Any CPU.ActiveCfg = Debug|Any CPU
		{79735F0E-9D49-3B30-2653-81BB2CC6EC2C}.Debug|Any CPU.Build.0 = Debug|Any CPU
		{79735F0E-9D49-3B30-2653-81BB2CC6EC2C}.Release|Any CPU.ActiveCfg = Release|Any CPU
		{79735F0E-9D49-3B30-2653-81BB2CC6EC2C}.Release|Any CPU.Build.0 = Release|Any CPU
	EndGlobalSection
	GlobalSection(SolutionProperties) = preSolution
		HideSolutionNode = FALSE
	EndGlobalSection
	GlobalSection(MonoDevelopProperties) = preSolution
		StartupItem = Assembly-CSharp.csproj
	EndGlobalSection
EndGlobal
